# THIS IS AN AUTOGENERATED FILE. DO NOT EDIT THIS FILE DIRECTLY.
# yarn lockfile v1


inherits@~2.0.0:
  version "2.0.3"
  resolved "https://registry.yarnpkg.com/inherits/-/inherits-2.0.3.tgz#633c2c83e3da42a502f52466022480f4208261de"

queue@^4.4.2:
  version "4.4.2"
  resolved "https://registry.yarnpkg.com/queue/-/queue-4.4.2.tgz#5a9733d9a8b8bd1b36e934bc9c55ab89b28e29c7"
  dependencies:
    inherits "~2.0.0"
